
Microsoft Visual Studio Solution File, Format Version 12.00
# Visual Studio Version 17
VisualStudioVersion = 17.5.002.0
MinimumVisualStudioVersion = 10.0.40219.1
Project("{9A19103F-16F7-4668-BE54-9A1E7A4F7556}") = "inheritPractice_Employees", "inheritPractice_Employees.csproj", "{B2F78E8D-4CDC-4649-9C5E-825B548F217F}"
EndProject
Global
	GlobalSection(SolutionConfigurationPlatforms) = preSolution
		Debug|Any CPU = Debug|Any CPU
		Release|Any CPU = Release|Any CPU
	EndGlobalSection
	GlobalSection(ProjectConfigurationPlatforms) = postSolution
		{B2F78E8D-4CDC-4649-9C5E-825B548F217F}.Debug|Any CPU.ActiveCfg = Debug|Any CPU
		{B2F78E8D-4CDC-4649-9C5E-825B548F217F}.Debug|Any CPU.Build.0 = Debug|Any CPU
		{B2F78E8D-4CDC-4649-9C5E-825B548F217F}.Release|Any CPU.ActiveCfg = Release|Any CPU
		{B2F78E8D-4CDC-4649-9C5E-825B548F217F}.Release|Any CPU.Build.0 = Release|Any CPU
	EndGlobalSection
	GlobalSection(SolutionProperties) = preSolution
		HideSolutionNode = FALSE
	EndGlobalSection
	GlobalSection(ExtensibilityGlobals) = postSolution
		SolutionGuid = {02A704D5-CA6E-458E-B4BF-8AC965127581}
	EndGlobalSection
EndGlobal
