
Microsoft Visual Studio Solution File, Format Version 12.00
# Visual Studio Version 17
VisualStudioVersion = 17.5.002.0
MinimumVisualStudioVersion = 10.0.40219.1
Project("{9A19103F-16F7-4668-BE54-9A1E7A4F7556}") = "interface6", "interface6.csproj", "{6CA797C2-B8D6-489A-9B0D-B14A4E83FAFE}"
EndProject
Global
	GlobalSection(SolutionConfigurationPlatforms) = preSolution
		Debug|Any CPU = Debug|Any CPU
		Release|Any CPU = Release|Any CPU
	EndGlobalSection
	GlobalSection(ProjectConfigurationPlatforms) = postSolution
		{6CA797C2-B8D6-489A-9B0D-B14A4E83FAFE}.Debug|Any CPU.ActiveCfg = Debug|Any CPU
		{6CA797C2-B8D6-489A-9B0D-B14A4E83FAFE}.Debug|Any CPU.Build.0 = Debug|Any CPU
		{6CA797C2-B8D6-489A-9B0D-B14A4E83FAFE}.Release|Any CPU.ActiveCfg = Release|Any CPU
		{6CA797C2-B8D6-489A-9B0D-B14A4E83FAFE}.Release|Any CPU.Build.0 = Release|Any CPU
	EndGlobalSection
	GlobalSection(SolutionProperties) = preSolution
		HideSolutionNode = FALSE
	EndGlobalSection
	GlobalSection(ExtensibilityGlobals) = postSolution
		SolutionGuid = {03B42BD2-9A01-4058-9F66-8A74027BA629}
	EndGlobalSection
EndGlobal
