
Microsoft Visual Studio Solution File, Format Version 12.00
# Visual Studio Version 17
VisualStudioVersion = 17.5.002.0
MinimumVisualStudioVersion = 10.0.40219.1
Project("{9A19103F-16F7-4668-BE54-9A1E7A4F7556}") = "inheritance1", "inheritance1.csproj", "{F6C50656-45F2-4C10-9E98-E42D9DF079E3}"
EndProject
Global
	GlobalSection(SolutionConfigurationPlatforms) = preSolution
		Debug|Any CPU = Debug|Any CPU
		Release|Any CPU = Release|Any CPU
	EndGlobalSection
	GlobalSection(ProjectConfigurationPlatforms) = postSolution
		{F6C50656-45F2-4C10-9E98-E42D9DF079E3}.Debug|Any CPU.ActiveCfg = Debug|Any CPU
		{F6C50656-45F2-4C10-9E98-E42D9DF079E3}.Debug|Any CPU.Build.0 = Debug|Any CPU
		{F6C50656-45F2-4C10-9E98-E42D9DF079E3}.Release|Any CPU.ActiveCfg = Release|Any CPU
		{F6C50656-45F2-4C10-9E98-E42D9DF079E3}.Release|Any CPU.Build.0 = Release|Any CPU
	EndGlobalSection
	GlobalSection(SolutionProperties) = preSolution
		HideSolutionNode = FALSE
	EndGlobalSection
	GlobalSection(ExtensibilityGlobals) = postSolution
		SolutionGuid = {DC632A48-9AA6-465B-A340-500D474A086C}
	EndGlobalSection
EndGlobal
