
Microsoft Visual Studio Solution File, Format Version 12.00
# Visual Studio Version 17
VisualStudioVersion = 17.5.002.0
MinimumVisualStudioVersion = 10.0.40219.1
Project("{9A19103F-16F7-4668-BE54-9A1E7A4F7556}") = "interfacesAndInheritance", "interfacesAndInheritance.csproj", "{4EF42F68-653F-4FDA-8B69-D2ECB512E655}"
EndProject
Global
	GlobalSection(SolutionConfigurationPlatforms) = preSolution
		Debug|Any CPU = Debug|Any CPU
		Release|Any CPU = Release|Any CPU
	EndGlobalSection
	GlobalSection(ProjectConfigurationPlatforms) = postSolution
		{4EF42F68-653F-4FDA-8B69-D2ECB512E655}.Debug|Any CPU.ActiveCfg = Debug|Any CPU
		{4EF42F68-653F-4FDA-8B69-D2ECB512E655}.Debug|Any CPU.Build.0 = Debug|Any CPU
		{4EF42F68-653F-4FDA-8B69-D2ECB512E655}.Release|Any CPU.ActiveCfg = Release|Any CPU
		{4EF42F68-653F-4FDA-8B69-D2ECB512E655}.Release|Any CPU.Build.0 = Release|Any CPU
	EndGlobalSection
	GlobalSection(SolutionProperties) = preSolution
		HideSolutionNode = FALSE
	EndGlobalSection
	GlobalSection(ExtensibilityGlobals) = postSolution
		SolutionGuid = {E2EB1CE5-D8F4-4589-A3CA-264D04A3D090}
	EndGlobalSection
EndGlobal
